dependencies:
- name: traefik
  repository: https://traefik.github.io/charts
  version: 39.0.5
- name: scaleway-certmanager-webhook
  repository: https://helm.scw.cloud/
  version: 0.4.1
digest: sha256:dc77378c4585720c05e867cffd523e05283686d674189d812145ee2a432aa3f8
generated: "2026-03-13T12:30:09.815521084+01:00"
